
Microsoft Visual Studio Solution File, Format Version 12.00
# Visual Studio 2013
VisualStudioVersion = 12.0.30723.0
MinimumVisualStudioVersion = 10.0.40219.1
Project("{FAE04EC0-301F-11D3-BF4B-00C04F79EFBC}") = "PolinaVargot_Lab_Due4-22_Dealership", "PolinaVargot_Lab_Due4-22_Dealership\PolinaVargot_Lab_Due4-22_Dealership.csproj", "{BF0ED691-8EEC-449E-AF51-8E7A5B9EFA1A}"
EndProject
Global
	GlobalSection(SolutionConfigurationPlatforms) = preSolution
		Debug|Any CPU = Debug|Any CPU
		Release|Any CPU = Release|Any CPU
	EndGlobalSection
	GlobalSection(ProjectConfigurationPlatforms) = postSolution
		{BF0ED691-8EEC-449E-AF51-8E7A5B9EFA1A}.Debug|Any CPU.ActiveCfg = Debug|Any CPU
		{BF0ED691-8EEC-449E-AF51-8E7A5B9EFA1A}.Debug|Any CPU.Build.0 = Debug|Any CPU
		{BF0ED691-8EEC-449E-AF51-8E7A5B9EFA1A}.Release|Any CPU.ActiveCfg = Release|Any CPU
		{BF0ED691-8EEC-449E-AF51-8E7A5B9EFA1A}.Release|Any CPU.Build.0 = Release|Any CPU
	EndGlobalSection
	GlobalSection(SolutionProperties) = preSolution
		HideSolutionNode = FALSE
	EndGlobalSection
EndGlobal
